{
  "lockfileVersion": 1,
  "configVersion": 1,
  "workspaces": {
    "": {
      "name": "workshop-edge",
      "dependencies": {
        "@aws-sdk/client-secrets-manager": "^3.0.0",
        "pg": "^8.20.0",
      },
    },
  },
  "packages": {
    "@aws-crypto/crc32": ["@aws-crypto/crc32@5.2.0", "", { "dependencies": { "@aws-crypto/util": "^5.2.0", "@aws-sdk/types": "^3.222.0", "tslib": "^2.6.2" } }, "sha512-nLbCWqQNgUiwwtFsen1AdzAtvuLRsQS8rYgMuxCrdKf9kOssamGLuPwyTY9wyYblNr9+1XM8v6zoDTPPSIeANg=="],

    "@aws-crypto/sha256-browser": ["@aws-crypto/sha256-browser@5.2.0", "", { "dependencies": { "@aws-crypto/sha256-js": "^5.2.0", "@aws-crypto/supports-web-crypto": "^5.2.0", "@aws-crypto/util": "^5.2.0", "@aws-sdk/types": "^3.222.0", "@aws-sdk/util-locate-window": "^3.0.0", "@smithy/util-utf8": "^2.0.0", "tslib": "^2.6.2" } }, "sha512-AXfN/lGotSQwu6HNcEsIASo7kWXZ5HYWvfOmSNKDsEqC4OashTp8alTmaz+F7TC2L083SFv5RdB+qU3Vs1kZqw=="],

    "@aws-crypto/sha256-js": ["@aws-crypto/sha256-js@5.2.0", "", { "dependencies": { "@aws-crypto/util": "^5.2.0", "@aws-sdk/types": "^3.222.0", "tslib": "^2.6.2" } }, "sha512-FFQQyu7edu4ufvIZ+OadFpHHOt+eSTBaYaki44c+akjg7qZg9oOQeLlk77F6tSYqjDAFClrHJk9tMf0HdVyOvA=="],

    "@aws-crypto/supports-web-crypto": ["@aws-crypto/supports-web-crypto@5.2.0", "", { "dependencies": { "tslib": "^2.6.2" } }, "sha512-iAvUotm021kM33eCdNfwIN//F77/IADDSs58i+MDaOqFrVjZo9bAal0NK7HurRuWLLpF1iLX7gbWrjHjeo+YFg=="],

    "@aws-crypto/util": ["@aws-crypto/util@5.2.0", "", { "dependencies": { "@aws-sdk/types": "^3.222.0", "@smithy/util-utf8": "^2.0.0", "tslib": "^2.6.2" } }, "sha512-4RkU9EsI6ZpBve5fseQlGNUWKMa1RLPQ1dnjnQoe07ldfIzcsGb5hC5W0Dm7u423KWzawlrpbjXBrXCEv9zazQ=="],

    "@aws-sdk/client-secrets-manager": ["@aws-sdk/client-secrets-manager@3.1048.0", "", { "dependencies": { "@aws-crypto/sha256-browser": "5.2.0", "@aws-crypto/sha256-js": "5.2.0", "@aws-sdk/core": "^3.974.11", "@aws-sdk/credential-provider-node": "^3.972.42", "@aws-sdk/types": "^3.973.8", "@smithy/core": "^3.24.2", "@smithy/fetch-http-handler": "^5.4.2", "@smithy/node-http-handler": "^4.7.2", "@smithy/types": "^4.14.1", "tslib": "^2.6.2" } }, "sha512-GELp/vb1Kzk/xBUOx21OGti12OiuMwSYBoFAq5RhIcJGC7eBzSUa40zZZlsQsGXDW0OQb9Er+Ll3htr9doGFeg=="],

    "@aws-sdk/core": ["@aws-sdk/core@3.974.11", "", { "dependencies": { "@aws-sdk/types": "^3.973.8", "@aws-sdk/xml-builder": "^3.972.24", "@aws/lambda-invoke-store": "^0.2.2", "@smithy/core": "^3.24.2", "@smithy/signature-v4": "^5.4.2", "@smithy/types": "^4.14.1", "bowser": "^2.11.0", "tslib": "^2.6.2" } }, "sha512-QpnINq5FZH6EOaDEkmHdT7eUunbvD27pDNQypaWjFyYz7Zl1q3UCMQErBZxpmfGfI7MvI2TlK8KTkgNpv8b1ug=="],

    "@aws-sdk/credential-provider-env": ["@aws-sdk/credential-provider-env@3.972.37", "", { "dependencies": { "@aws-sdk/core": "^3.974.11", "@aws-sdk/types": "^3.973.8", "@smithy/core": "^3.24.2", "@smithy/types": "^4.14.1", "tslib": "^2.6.2" } }, "sha512-/jpPvEh6f7ntmIzf7dNxoNX6Q8vt8UpesCjbW6mFfk4V1NW6bIy9qxcQ6WbA8As5yQhsZOe+xeNd4xHX8kdY2Q=="],

    "@aws-sdk/credential-provider-http": ["@aws-sdk/credential-provider-http@3.972.39", "", { "dependencies": { "@aws-sdk/core": "^3.974.11", "@aws-sdk/types": "^3.973.8", "@smithy/core": "^3.24.2", "@smithy/fetch-http-handler": "^5.4.2", "@smithy/node-http-handler": "^4.7.2", "@smithy/types": "^4.14.1", "tslib": "^2.6.2" } }, "sha512-pIgTpisWyWg7X1bUbzSjuUYosYTD0Ghz2M0hkSTmb3a6i3qV3uU+NYJPI/E2XSC0HcsZh5rsLPzeXrkb2DS0Cg=="],

    "@aws-sdk/credential-provider-ini": ["@aws-sdk/credential-provider-ini@3.972.41", "", { "dependencies": { "@aws-sdk/core": "^3.974.11", "@aws-sdk/credential-provider-env": "^3.972.37", "@aws-sdk/credential-provider-http": "^3.972.39", "@aws-sdk/credential-provider-login": "^3.972.41", "@aws-sdk/credential-provider-process": "^3.972.37", "@aws-sdk/credential-provider-sso": "^3.972.41", "@aws-sdk/credential-provider-web-identity": "^3.972.41", "@aws-sdk/nested-clients": "^3.997.9", "@aws-sdk/types": "^3.973.8", "@smithy/core": "^3.24.2", "@smithy/credential-provider-imds": "^4.3.2", "@smithy/types": "^4.14.1", "tslib": "^2.6.2" } }, "sha512-u2tyjaxJJzW8UtW4SM1ZcPMDwO6y+kV+llvou+Adts0FAKyzes5jG4izQN+KX3yE8ZROpS5y1LJ//xL2iSf76w=="],

    "@aws-sdk/credential-provider-login": ["@aws-sdk/credential-provider-login@3.972.41", "", { "dependencies": { "@aws-sdk/core": "^3.974.11", "@aws-sdk/nested-clients": "^3.997.9", "@aws-sdk/types": "^3.973.8", "@smithy/core": "^3.24.2", "@smithy/types": "^4.14.1", "tslib": "^2.6.2" } }, "sha512-0LBitxXiAiaE5nlFPfpNIww/8FRY/I7WIndWsc9GmNFOM7cE1wNpVNQEGEk9Outg5l8xl+3vybxFyUy4l9q/LQ=="],

    "@aws-sdk/credential-provider-node": ["@aws-sdk/credential-provider-node@3.972.42", "", { "dependencies": { "@aws-sdk/credential-provider-env": "^3.972.37", "@aws-sdk/credential-provider-http": "^3.972.39", "@aws-sdk/credential-provider-ini": "^3.972.41", "@aws-sdk/credential-provider-process": "^3.972.37", "@aws-sdk/credential-provider-sso": "^3.972.41", "@aws-sdk/credential-provider-web-identity": "^3.972.41", "@aws-sdk/types": "^3.973.8", "@smithy/core": "^3.24.2", "@smithy/credential-provider-imds": "^4.3.2", "@smithy/types": "^4.14.1", "tslib": "^2.6.2" } }, "sha512-D4oon2zbqqsWOJUM99Gm3/ZyJ0IJvTXVN3PyloGb3kQEyI36fjCZheZj422lAgTWWd6TSHgiImLt3RIaLdv3dQ=="],

    "@aws-sdk/credential-provider-process": ["@aws-sdk/credential-provider-process@3.972.37", "", { "dependencies": { "@aws-sdk/core": "^3.974.11", "@aws-sdk/types": "^3.973.8", "@smithy/core": "^3.24.2", "@smithy/types": "^4.14.1", "tslib": "^2.6.2" } }, "sha512-7nVaHBUaWIddASYfVaA9O4D5ZVjewU3sCol9WqZPGfW0nR+0WqE0xHZnD/U2L33PlOB8KNXGKZ6wOES/QijKzg=="],

    "@aws-sdk/credential-provider-sso": ["@aws-sdk/credential-provider-sso@3.972.41", "", { "dependencies": { "@aws-sdk/core": "^3.974.11", "@aws-sdk/nested-clients": "^3.997.9", "@aws-sdk/token-providers": "3.1048.0", "@aws-sdk/types": "^3.973.8", "@smithy/core": "^3.24.2", "@smithy/types": "^4.14.1", "tslib": "^2.6.2" } }, "sha512-IOWAWEHe5LkjSKkkUUX9ciV6Y1scHTsnfEkdt5yyC4Slrc7AGbkLPrpntjqh18ksJAMOaVhoBsO8p2WyTcY2wQ=="],

    "@aws-sdk/credential-provider-web-identity": ["@aws-sdk/credential-provider-web-identity@3.972.41", "", { "dependencies": { "@aws-sdk/core": "^3.974.11", "@aws-sdk/nested-clients": "^3.997.9", "@aws-sdk/types": "^3.973.8", "@smithy/core": "^3.24.2", "@smithy/types": "^4.14.1", "tslib": "^2.6.2" } }, "sha512-mbACk9Yypa8nm4iGZLs0PofOXEcTDOUw6wDnsPXNDNSd2WNXs1tSo+6nc/fh0jLYdfVZThhBL98PHW4aXFsG5A=="],

    "@aws-sdk/nested-clients": ["@aws-sdk/nested-clients@3.997.9", "", { "dependencies": { "@aws-crypto/sha256-browser": "5.2.0", "@aws-crypto/sha256-js": "5.2.0", "@aws-sdk/core": "^3.974.11", "@aws-sdk/signature-v4-multi-region": "^3.996.27", "@aws-sdk/types": "^3.973.8", "@smithy/core": "^3.24.2", "@smithy/fetch-http-handler": "^5.4.2", "@smithy/node-http-handler": "^4.7.2", "@smithy/types": "^4.14.1", "tslib": "^2.6.2" } }, "sha512-jPR3rnmRI4hWYyzfmTGBr7NblMp8QYYeflHXba1H6+7CGrWVqWKQzaXFQ4qbExqPRsXN3T3L3JxFhr6aouXUGQ=="],

    "@aws-sdk/signature-v4-multi-region": ["@aws-sdk/signature-v4-multi-region@3.996.27", "", { "dependencies": { "@aws-sdk/types": "^3.973.8", "@smithy/core": "^3.24.2", "@smithy/signature-v4": "^5.4.2", "@smithy/types": "^4.14.1", "tslib": "^2.6.2" } }, "sha512-0Phbz4t6HI3D3skxvG2uI+VWU034/nSIw1T8d+FPzzQG9EQTrw94o9mOKO2Gv3n3Oc8P7JD7RAUxkoneLWv5Eg=="],

    "@aws-sdk/token-providers": ["@aws-sdk/token-providers@3.1048.0", "", { "dependencies": { "@aws-sdk/core": "^3.974.11", "@aws-sdk/nested-clients": "^3.997.9", "@aws-sdk/types": "^3.973.8", "@smithy/core": "^3.24.2", "@smithy/types": "^4.14.1", "tslib": "^2.6.2" } }, "sha512-k0y/GcuesuSfWyUM0WamrGyeZmltRYaPbHO82UDA6mZ/doB+FOHKutikPAtSXMn/hDz970cF+iRuuiYO9VEbAA=="],

    "@aws-sdk/types": ["@aws-sdk/types@3.973.8", "", { "dependencies": { "@smithy/types": "^4.14.1", "tslib": "^2.6.2" } }, "sha512-gjlAdtHMbtR9X5iIhVUvbVcy55KnznpC6bkDUWW9z915bi0ckdUr5cjf16Kp6xq0bP5HBD2xzgbL9F9Quv5vUw=="],

    "@aws-sdk/util-locate-window": ["@aws-sdk/util-locate-window@3.965.5", "", { "dependencies": { "tslib": "^2.6.2" } }, "sha512-WhlJNNINQB+9qtLtZJcpQdgZw3SCDCpXdUJP7cToGwHbCWCnRckGlc6Bx/OhWwIYFNAn+FIydY8SZ0QmVu3xTQ=="],

    "@aws-sdk/xml-builder": ["@aws-sdk/xml-builder@3.972.24", "", { "dependencies": { "@nodable/entities": "2.1.0", "@smithy/types": "^4.14.1", "fast-xml-parser": "5.7.3", "tslib": "^2.6.2" } }, "sha512-V8z5YcDPfsvzrBlj0xR1vhRtocblhYbqdreCJB/voGd4Sr5zjNAeWxexbnqVtskTJe0vFb5KMqbSL++ePl+zRw=="],

    "@aws/lambda-invoke-store": ["@aws/lambda-invoke-store@0.2.4", "", {}, "sha512-iY8yvjE0y651BixKNPgmv1WrQc+GZ142sb0z4gYnChDDY2YqI4P/jsSopBWrKfAt7LOJAkOXt7rC/hms+WclQQ=="],

    "@nodable/entities": ["@nodable/entities@2.1.0", "", {}, "sha512-nyT7T3nbMyBI/lvr6L5TyWbFJAI9FTgVRakNoBqCD+PmID8DzFrrNdLLtHMwMszOtqZa8PAOV24ZqDnQrhQINA=="],

    "@smithy/core": ["@smithy/core@3.24.3", "", { "dependencies": { "@aws-crypto/crc32": "5.2.0", "@smithy/types": "^4.14.2", "tslib": "^2.6.2" } }, "sha512-Ep/7tPamGY8mgESE3LyLKtxJyy6U52WWAqr/3wial47Sj4u3PiIF73AOGI27UyLy9duTkhZbgzodOfLV4TduZg=="],

    "@smithy/credential-provider-imds": ["@smithy/credential-provider-imds@4.3.3", "", { "dependencies": { "@smithy/core": "^3.24.3", "@smithy/types": "^4.14.2", "tslib": "^2.6.2" } }, "sha512-I2Bti0DKFo2IJyN28ijCsx51BAumEYR4/1yZ1FXyBygy9MqbnMqCev4JPth/MbpRfBSRAX35hITSnAdJRo1u5w=="],

    "@smithy/fetch-http-handler": ["@smithy/fetch-http-handler@5.4.3", "", { "dependencies": { "@smithy/core": "^3.24.3", "@smithy/types": "^4.14.2", "tslib": "^2.6.2" } }, "sha512-F+DRf8IJazRJgYog2A/yJK7eYVc0rqTlRzO+5ZxjJd4WkZoKz0IJRncf7G6t1pdVT3kryJcwuTFhN1c5m6N47A=="],

    "@smithy/is-array-buffer": ["@smithy/is-array-buffer@2.2.0", "", { "dependencies": { "tslib": "^2.6.2" } }, "sha512-GGP3O9QFD24uGeAXYUjwSTXARoqpZykHadOmA8G5vfJPK0/DC67qa//0qvqrJzL1xc8WQWX7/yc7fwudjPHPhA=="],

    "@smithy/node-http-handler": ["@smithy/node-http-handler@4.7.3", "", { "dependencies": { "@smithy/core": "^3.24.3", "@smithy/types": "^4.14.2", "tslib": "^2.6.2" } }, "sha512-/jPhevcTFPMVl6KNjbaI47iOg1zxC7IsnX4PQDGVZKMFceOXtB8IEYaB7a9VvkP/3oC60WzTeKocvSI7vLT0vA=="],

    "@smithy/signature-v4": ["@smithy/signature-v4@5.4.3", "", { "dependencies": { "@smithy/core": "^3.24.3", "@smithy/types": "^4.14.2", "tslib": "^2.6.2" } }, "sha512-53+75QuPl6DL+ct6vVEB51FDO5oulXr20TPV46VvJZg76lIlXNWfxi8j+G2V/t0I2qxCBOa3vX/8bmjrpFVo9g=="],

    "@smithy/types": ["@smithy/types@4.14.2", "", { "dependencies": { "tslib": "^2.6.2" } }, "sha512-P+otAxbV4CqBybp7EkcJCrig63yE2E7PuNVOmilVMRcx/O+QDzGULTrKsq4DV13gSfak9ObPrWaHl/9bL5YcWw=="],

    "@smithy/util-buffer-from": ["@smithy/util-buffer-from@2.2.0", "", { "dependencies": { "@smithy/is-array-buffer": "^2.2.0", "tslib": "^2.6.2" } }, "sha512-IJdWBbTcMQ6DA0gdNhh/BwrLkDR+ADW5Kr1aZmd4k3DIF6ezMV4R2NIAmT08wQJ3yUK82thHWmC/TnK/wpMMIA=="],

    "@smithy/util-utf8": ["@smithy/util-utf8@2.3.0", "", { "dependencies": { "@smithy/util-buffer-from": "^2.2.0", "tslib": "^2.6.2" } }, "sha512-R8Rdn8Hy72KKcebgLiv8jQcQkXoLMOGGv5uI1/k0l+snqkOzQ1R0ChUBCxWMlBsFMekWjq0wRudIweFs7sKT5A=="],

    "bowser": ["bowser@2.14.1", "", {}, "sha512-tzPjzCxygAKWFOJP011oxFHs57HzIhOEracIgAePE4pqB3LikALKnSzUyU4MGs9/iCEUuHlAJTjTc5M+u7YEGg=="],

    "fast-xml-builder": ["fast-xml-builder@1.2.0", "", { "dependencies": { "path-expression-matcher": "^1.5.0", "xml-naming": "^0.1.0" } }, "sha512-00aAWieqff+ZJhsXA4g1g7M8k+7AYoMUUHF+/zFb5U6Uv/P0Vl4QZo84/IcufzYalLuEj9928bXN9PbbFzMF0Q=="],

    "fast-xml-parser": ["fast-xml-parser@5.7.3", "", { "dependencies": { "@nodable/entities": "^2.1.0", "fast-xml-builder": "^1.1.7", "path-expression-matcher": "^1.5.0", "strnum": "^2.2.3" }, "bin": { "fxparser": "src/cli/cli.js" } }, "sha512-C0AaNuC+mscy6vrAQKAc/rMq+zAPHodfHGZu4sGVehvAQt/JLG1O5zEcYcXSY5zSqr4YVgxsB+pHXTq0i7eDlg=="],

    "path-expression-matcher": ["path-expression-matcher@1.5.0", "", {}, "sha512-cbrerZV+6rvdQrrD+iGMcZFEiiSrbv9Tfdkvnusy6y0x0GKBXREFg/Y65GhIfm0tnLntThhzCnfKwp1WRjeCyQ=="],

    "pg": ["pg@8.20.0", "", { "dependencies": { "pg-connection-string": "^2.12.0", "pg-pool": "^3.13.0", "pg-protocol": "^1.13.0", "pg-types": "2.2.0", "pgpass": "1.0.5" }, "optionalDependencies": { "pg-cloudflare": "^1.3.0" }, "peerDependencies": { "pg-native": ">=3.0.1" }, "optionalPeers": ["pg-native"] }, "sha512-ldhMxz2r8fl/6QkXnBD3CR9/xg694oT6DZQ2s6c/RI28OjtSOpxnPrUCGOBJ46RCUxcWdx3p6kw/xnDHjKvaRA=="],

    "pg-cloudflare": ["pg-cloudflare@1.3.0", "", {}, "sha512-6lswVVSztmHiRtD6I8hw4qP/nDm1EJbKMRhf3HCYaqud7frGysPv7FYJ5noZQdhQtN2xJnimfMtvQq21pdbzyQ=="],

    "pg-connection-string": ["pg-connection-string@2.12.0", "", {}, "sha512-U7qg+bpswf3Cs5xLzRqbXbQl85ng0mfSV/J0nnA31MCLgvEaAo7CIhmeyrmJpOr7o+zm0rXK+hNnT5l9RHkCkQ=="],

    "pg-int8": ["pg-int8@1.0.1", "", {}, "sha512-WCtabS6t3c8SkpDBUlb1kjOs7l66xsGdKpIPZsg4wR+B3+u9UAum2odSsF9tnvxg80h4ZxLWMy4pRjOsFIqQpw=="],

    "pg-pool": ["pg-pool@3.13.0", "", { "peerDependencies": { "pg": ">=8.0" } }, "sha512-gB+R+Xud1gLFuRD/QgOIgGOBE2KCQPaPwkzBBGC9oG69pHTkhQeIuejVIk3/cnDyX39av2AxomQiyPT13WKHQA=="],

    "pg-protocol": ["pg-protocol@1.13.0", "", {}, "sha512-zzdvXfS6v89r6v7OcFCHfHlyG/wvry1ALxZo4LqgUoy7W9xhBDMaqOuMiF3qEV45VqsN6rdlcehHrfDtlCPc8w=="],

    "pg-types": ["pg-types@2.2.0", "", { "dependencies": { "pg-int8": "1.0.1", "postgres-array": "~2.0.0", "postgres-bytea": "~1.0.0", "postgres-date": "~1.0.4", "postgres-interval": "^1.1.0" } }, "sha512-qTAAlrEsl8s4OiEQY69wDvcMIdQN6wdz5ojQiOy6YRMuynxenON0O5oCpJI6lshc6scgAY8qvJ2On/p+CXY0GA=="],

    "pgpass": ["pgpass@1.0.5", "", { "dependencies": { "split2": "^4.1.0" } }, "sha512-FdW9r/jQZhSeohs1Z3sI1yxFQNFvMcnmfuj4WBMUTxOrAyLMaTcE1aAMBiTlbMNaXvBCQuVi0R7hd8udDSP7ug=="],

    "postgres-array": ["postgres-array@2.0.0", "", {}, "sha512-VpZrUqU5A69eQyW2c5CA1jtLecCsN2U/bD6VilrFDWq5+5UIEVO7nazS3TEcHf1zuPYO/sqGvUvW62g86RXZuA=="],

    "postgres-bytea": ["postgres-bytea@1.0.1", "", {}, "sha512-5+5HqXnsZPE65IJZSMkZtURARZelel2oXUEO8rH83VS/hxH5vv1uHquPg5wZs8yMAfdv971IU+kcPUczi7NVBQ=="],

    "postgres-date": ["postgres-date@1.0.7", "", {}, "sha512-suDmjLVQg78nMK2UZ454hAG+OAW+HQPZ6n++TNDUX+L0+uUlLywnoxJKDou51Zm+zTCjrCl0Nq6J9C5hP9vK/Q=="],

    "postgres-interval": ["postgres-interval@1.2.0", "", { "dependencies": { "xtend": "^4.0.0" } }, "sha512-9ZhXKM/rw350N1ovuWHbGxnGh/SNJ4cnxHiM0rxE4VN41wsg8P8zWn9hv/buK00RP4WvlOyr/RBDiptyxVbkZQ=="],

    "split2": ["split2@4.2.0", "", {}, "sha512-UcjcJOWknrNkF6PLX83qcHM6KHgVKNkV62Y8a5uYDVv9ydGQVwAHMKqHdJje1VTWpljG0WYpCDhrCdAOYH4TWg=="],

    "strnum": ["strnum@2.3.0", "", {}, "sha512-ums3KNd42PGyx5xaoVTO1mjU1bH3NpY4vsrVlnv9PNGqQj8wd7rJ6nEypLrJ7z5vxK5RP0yMLo6J/Gsm62DI5Q=="],

    "tslib": ["tslib@2.8.1", "", {}, "sha512-oJFu94HQb+KVduSUQL7wnpmqnfmLsOA/nAh6b6EH0wCEoK0/mPeXU6c3wKDV83MkOuHPRHtSXKKU99IBazS/2w=="],

    "xml-naming": ["xml-naming@0.1.0", "", {}, "sha512-k8KO9hrMyNk6tUWqUfkTEZbezRRpONVOzUTnc97VnCvyj6Tf9lyUR9EDAIeiVLv56jsMcoXEwjW8Kv5yPY52lw=="],

    "xtend": ["xtend@4.0.2", "", {}, "sha512-LKYU1iAXJXUgAXn9URjiu+MWhyUXHsvfp7mcuYm9dSUKK0/CjtrUwFAxD82/mCWbtLsGjFIad0wIsod4zrTAEQ=="],
  }
}
